
Microsoft Visual Studio Solution File, Format Version 12.00
# Visual Studio Version 17
VisualStudioVersion = 17.3.32929.385
MinimumVisualStudioVersion = 10.0.40219.1
Project("{FAE04EC0-301F-11D3-BF4B-00C04F79EFBC}") = "SnakeAndLadderProblem", "SnakeAndLadderProblem.csproj", "{865C2B55-F88D-47C6-8FBF-F7B8F5AED257}"
EndProject
Global
	GlobalSection(SolutionConfigurationPlatforms) = preSolution
		Debug|Any CPU = Debug|Any CPU
		Release|Any CPU = Release|Any CPU
	EndGlobalSection
	GlobalSection(ProjectConfigurationPlatforms) = postSolution
		{865C2B55-F88D-47C6-8FBF-F7B8F5AED257}.Debug|Any CPU.ActiveCfg = Debug|Any CPU
		{865C2B55-F88D-47C6-8FBF-F7B8F5AED257}.Debug|Any CPU.Build.0 = Debug|Any CPU
		{865C2B55-F88D-47C6-8FBF-F7B8F5AED257}.Release|Any CPU.ActiveCfg = Release|Any CPU
		{865C2B55-F88D-47C6-8FBF-F7B8F5AED257}.Release|Any CPU.Build.0 = Release|Any CPU
	EndGlobalSection
	GlobalSection(SolutionProperties) = preSolution
		HideSolutionNode = FALSE
	EndGlobalSection
	GlobalSection(ExtensibilityGlobals) = postSolution
		SolutionGuid = {67C17150-5621-4847-98B9-3471E7F9BB35}
	EndGlobalSection
EndGlobal
